version = 1
revision = 3
requires-python = ">=3.14"

[[package]]
name = "asgiref"
version = "3.12.1"
source = { registry = "https://pypi.org/simple" }
sdist = { url = "https://files.pythonhosted.org/packages/e6/26/3b59f2bdae5f640389becb1f673cded775287f5fc4f816309d9ca9a3f93d/asgiref-3.12.1.tar.gz", hash = "sha256:59dcb51c272ad209d59bed5708a64a333083e86017d7fcdd67498eeab7784340", size = 42378, upload-time = "2026-07-14T09:56:18.087Z" }
wheels = [
    { url = "https://files.pythonhosted.org/packages/c0/1b/54f4ad77cd8a584fa70746c47df988e002cf1ee1eba43364d46f87803647/asgiref-3.12.1-py3-none-any.whl", hash = "sha256:fe386d1c2bff7259ea95929266d12a8cf9a8b5a1c2598402967d8792e7a7c094", size = 25478, upload-time = "2026-07-14T09:56:16.926Z" },
]

[[package]]
name = "click"
version = "8.4.2"
source = { registry = "https://pypi.org/simple" }
dependencies = [
    { name = "colorama", marker = "sys_platform == 'win32'" },
]
sdist = { url = "https://files.pythonhosted.org/packages/76/d4/81420972a676e8ffea40450d8c8c92943e7218a78fe9b64359836cc9876b/click-8.4.2.tar.gz", hash = "sha256:9a6cea6e60b17ebe0a44c5cc636d94f09bd66142c1cd7d8b4cd731c4917a15f6", size = 338000, upload-time = "2026-06-24T17:45:15.148Z" }
wheels = [
    { url = "https://files.pythonhosted.org/packages/fb/e2/79c688af8b210d232694e31e59da9f6ec747bae31c3f5946e4e9b98860d5/click-8.4.2-py3-none-any.whl", hash = "sha256:e6f9f66136c816745b9d65817da91d61d957fb16e02e4dcd0552553c5a197b76", size = 119243, upload-time = "2026-06-24T17:45:13.73Z" },
]

[[package]]
name = "colorama"
version = "0.4.6"
source = { registry = "https://pypi.org/simple" }
sdist = { url = "https://files.pythonhosted.org/packages/d8/53/6f443c9a4a8358a93a6792e2acffb9d9d5cb0a5cfd8802644b7b1c9a02e4/colorama-0.4.6.tar.gz", hash = "sha256:08695f5cb7ed6e0531a20572697297273c47b8cae5a63ffc6d6ed5c201be6e44", size = 27697, upload-time = "2022-10-25T02:36:22.414Z" }
wheels = [
    { url = "https://files.pythonhosted.org/packages/d1/d6/3965ed04c63042e047cb6a3e6ed1a63a35087b6a609aa3a15ed8ac56c221/colorama-0.4.6-py2.py3-none-any.whl", hash = "sha256:4f1d9991f5acc0ca119f9d443620b77f9d6b33703e51011c16baf57afb285fc6", size = 25335, upload-time = "2022-10-25T02:36:20.889Z" },
]

[[package]]
name = "django"
version = "6.0.7"
source = { registry = "https://pypi.org/simple" }
dependencies = [
    { name = "asgiref" },
    { name = "sqlparse" },
    { name = "tzdata", marker = "sys_platform == 'win32'" },
]
sdist = { url = "https://files.pythonhosted.org/packages/89/55/664f24ff81c9ea19cb7dfc851afeae1f3c2390c7aee01d4ded68b5c1580d/django-6.0.7.tar.gz", hash = "sha256:2998503fc083124fb58037084bfa00de323c7c743f05f1b4284e77bff0ab8890", size = 10921299, upload-time = "2026-07-07T13:51:26.485Z" }
wheels = [
    { url = "https://files.pythonhosted.org/packages/ba/ec/1ce5334b6a2c52ce619c23a0be8d366a57a0e080ebb2d88266e5c849157c/django-6.0.7-py3-none-any.whl", hash = "sha256:a037427c2288443a8c02a1b02295a31c239663aa682bc50b1976afb7cf6a769e", size = 8373344, upload-time = "2026-07-07T13:51:20.007Z" },
]

[[package]]
name = "django-cors-headers"
version = "4.9.0"
source = { registry = "https://pypi.org/simple" }
dependencies = [
    { name = "asgiref" },
    { name = "django" },
]
sdist = { url = "https://files.pythonhosted.org/packages/21/39/55822b15b7ec87410f34cd16ce04065ff390e50f9e29f31d6d116fc80456/django_cors_headers-4.9.0.tar.gz", hash = "sha256:fe5d7cb59fdc2c8c646ce84b727ac2bca8912a247e6e68e1fb507372178e59e8", size = 21458, upload-time = "2025-09-18T10:40:52.326Z" }
wheels = [
    { url = "https://files.pythonhosted.org/packages/30/d8/19ed1e47badf477d17fb177c1c19b5a21da0fd2d9f093f23be3fb86c5fab/django_cors_headers-4.9.0-py3-none-any.whl", hash = "sha256:15c7f20727f90044dcee2216a9fd7303741a864865f0c3657e28b7056f61b449", size = 12809, upload-time = "2025-09-18T10:40:50.843Z" },
]

[[package]]
name = "django-redis"
version = "7.0.0"
source = { registry = "https://pypi.org/simple" }
dependencies = [
    { name = "django" },
    { name = "redis" },
]
sdist = { url = "https://files.pythonhosted.org/packages/fb/78/203a0cdc0f1c083a5407d01f77b58099a120bb8a5a04562f56a9bb341314/django_redis-7.0.0.tar.gz", hash = "sha256:e48491c862f4350b0747ceb1016700686fb93c4f4e0fb9c490fe6c6658ffd933", size = 64601, upload-time = "2026-06-02T14:17:48.819Z" }
wheels = [
    { url = "https://files.pythonhosted.org/packages/7e/9f/09cdb9a1eebe8533b02a7694ca787acfc1e4d93b5b6175ff99366d4e6d64/django_redis-7.0.0-py3-none-any.whl", hash = "sha256:4b23aa6e0cd0937bb1242e9a463809e6004de3ca2150f34e986306bb6220d688", size = 38932, upload-time = "2026-06-02T14:17:47.281Z" },
]

[[package]]
name = "django-stubs"
version = "6.0.7"
source = { registry = "https://pypi.org/simple" }
dependencies = [
    { name = "django" },
    { name = "django-stubs-ext" },
    { name = "types-pyyaml" },
    { name = "typing-extensions" },
]
sdist = { url = "https://files.pythonhosted.org/packages/8a/90/087c6e424e705e05182e543ef6b366a59eb5c92ab008b0dbbba55f357a40/django_stubs-6.0.7.tar.gz", hash = "sha256:bc55431c0af745a64e39cf33a8d36c87dccbedeae2fe26fab47dd355270e8538", size = 282293, upload-time = "2026-07-14T10:08:27.122Z" }
wheels = [
    { url = "https://files.pythonhosted.org/packages/02/86/230ae6056221b543d63f7710d73967fe1c6840693540e99ea3c54f45859c/django_stubs-6.0.7-py3-none-any.whl", hash = "sha256:7ed9a14c438e589272ca04e966dee82a4d1ff7ca5c2171bc986c50a0d03ec35b", size = 547460, upload-time = "2026-07-14T10:08:25.626Z" },
]

[[package]]
name = "django-stubs-ext"
version = "6.0.7"
source = { registry = "https://pypi.org/simple" }
dependencies = [
    { name = "django" },
    { name = "typing-extensions" },
]
sdist = { url = "https://files.pythonhosted.org/packages/36/50/917f7224ea470e89cdcdc93d3dfe75b8391adf976cf12f2ecdb5f5d122be/django_stubs_ext-6.0.7.tar.gz", hash = "sha256:c3172c5126614fd2a44d0196b313b44c21f717cb09477ba52b447d41f4ce613e", size = 6665, upload-time = "2026-07-14T10:07:56.933Z" }
wheels = [
    { url = "https://files.pythonhosted.org/packages/83/65/4d73fce956b5ebf26449259664360e539fbe95f0e86be396c28b636ba72a/django_stubs_ext-6.0.7-py3-none-any.whl", hash = "sha256:53a9c7c5a7c7e718cc6308cfce1e7470f2cac0b9d38dbcd60fbfa82704f1d592", size = 10362, upload-time = "2026-07-14T10:07:55.653Z" },
]

[[package]]
name = "h11"
version = "0.16.0"
source = { registry = "https://pypi.org/simple" }
sdist = { url = "https://files.pythonhosted.org/packages/01/ee/02a2c011bdab74c6fb3c75474d40b3052059d95df7e73351460c8588d963/h11-0.16.0.tar.gz", hash = "sha256:4e35b956cf45792e4caa5885e69fba00bdbc6ffafbfa020300e549b208ee5ff1", size = 101250, upload-time = "2025-04-24T03:35:25.427Z" }
wheels = [
    { url = "https://files.pythonhosted.org/packages/04/4b/29cac41a4d98d144bf5f6d33995617b185d14b22401f75ca86f384e87ff1/h11-0.16.0-py3-none-any.whl", hash = "sha256:63cf8bbe7522de3bf65932fda1d9c2772064ffb3dae62d55932da54b31cb6c86", size = 37515, upload-time = "2025-04-24T03:35:24.344Z" },
]

[[package]]
name = "markdown2"
version = "2.5.5"
source = { registry = "https://pypi.org/simple" }
sdist = { url = "https://files.pythonhosted.org/packages/e4/ae/07d4a5fcaa5509221287d289323d75ac8eda5a5a4ac9de2accf7bbcc2b88/markdown2-2.5.5.tar.gz", hash = "sha256:001547e68f6e7fcf0f1cb83f7e82f48aa7d48b2c6a321f0cd20a853a8a2d1664", size = 157249, upload-time = "2026-03-02T20:46:53.411Z" }
wheels = [
    { url = "https://files.pythonhosted.org/packages/43/af/4b3891eb0a49d6cfd5cbf3e9bf514c943afc2b0f13e2c57cc57cd88ecc21/markdown2-2.5.5-py3-none-any.whl", hash = "sha256:be798587e09d1f52d2e4d96a649c4b82a778c75f9929aad52a2c95747fa26941", size = 56250, upload-time = "2026-03-02T20:46:52.032Z" },
]

[[package]]
name = "overflow"
version = "7.2.5"
source = { virtual = "." }
dependencies = [
    { name = "django" },
    { name = "django-cors-headers" },
    { name = "django-redis" },
    { name = "markdown2" },
    { name = "pillow" },
    { name = "psycopg2-binary" },
    { name = "pygments" },
    { name = "python-decouple" },
    { name = "uvicorn" },
]

[package.dev-dependencies]
dev = [
    { name = "django-stubs" },
    { name = "pyrefly" },
    { name = "ruff" },
]

[package.metadata]
requires-dist = [
    { name = "django", specifier = ">=6.0.5" },
    { name = "django-cors-headers", specifier = ">=4.9.0" },
    { name = "django-redis", specifier = ">=6.0.0" },
    { name = "markdown2", specifier = ">=2.5.5" },
    { name = "pillow", specifier = ">=12.2.0" },
    { name = "psycopg2-binary", specifier = ">=2.9.12" },
    { name = "pygments", specifier = ">=2.20.0" },
    { name = "python-decouple", specifier = ">=3.8" },
    { name = "uvicorn", specifier = ">=0.47.0" },
]

[package.metadata.requires-dev]
dev = [
    { name = "django-stubs", specifier = ">=6.0.7" },
    { name = "pyrefly", specifier = ">=1.0.0" },
    { name = "ruff", specifier = ">=0.15.13" },
]

[[package]]
name = "pillow"
version = "12.3.0"
source = { registry = "https://pypi.org/simple" }
sdist = { url = "https://files.pythonhosted.org/packages/1c/3d/bb7fca845737cf9d7dbde16ed1843984665ff2e0a518f5db43e77ec540b9/pillow-12.3.0.tar.gz", hash = "sha256:3b8182a766685eaa002637e28b4ec8d6b18819a0c71f579bf0dbaa5830297cce", size = 47025035, upload-time = "2026-07-01T11:56:38.965Z" }
wheels = [
    { url = "https://files.pythonhosted.org/packages/dc/01/001f65b68192f0228cc1dbbc8d2530ab5d58b61037ba0587f946fea607cd/pillow-12.3.0-cp314-cp314-ios_13_0_arm64_iphoneos.whl", hash = "sha256:9cf95fe4d0f84c82d282745d9bb08ad9f926efa00be4697e767b814ce40d4330", size = 4161736, upload-time = "2026-07-01T11:54:51.156Z" },
    { url = "https://files.pythonhosted.org/packages/1a/d2/0219746d0fd16fc8a84498e79452375be3797d3ce4044596ce565164b84f/pillow-12.3.0-cp314-cp314-ios_13_0_arm64_iphonesimulator.whl", hash = "sha256:8728f216dcdb6e6d555cf971cb34076139ad74b31fc2c14da4fafc741c5f6217", size = 4255435, upload-time = "2026-07-01T11:54:53.414Z" },
    { url = "https://files.pythonhosted.org/packages/c8/02/8d0bc62ef0302318c46ff2a512822d2610e81c7aa46c9b3abe6cbaca5ad0/pillow-12.3.0-cp314-cp314-ios_13_0_x86_64_iphonesimulator.whl", hash = "sha256:a45650e8ce7fafffd731db8550230db6b0d306d181a90b67d3e6bca2f1990930", size = 3696262, upload-time = "2026-07-01T11:54:55.739Z" },
    { url = "https://files.pythonhosted.org/packages/85/e2/73c77d218410b14f5f2d565e8a998d5317b7b9c75368d29985139f7a46f0/pillow-12.3.0-cp314-cp314-macosx_10_15_x86_64.whl", hash = "sha256:ba54cfebe86920a559a7c4d6b9050791c20513650a1952ebe3368c7dc70306f8", size = 5350344, upload-time = "2026-07-01T11:54:57.657Z" },
    { url = "https://files.pythonhosted.org/packages/c7/da/32c752228ae345f489e3a42499d817b6c3996da7e8a3bc7a04fc806b243b/pillow-12.3.0-cp314-cp314-macosx_11_0_arm64.whl", hash = "sha256:e158cb00350dc278f3b91551101aa7d12415a66ebf2c91d8d5ac14e56ddd3ad0", size = 4780131, upload-time = "2026-07-01T11:54:59.713Z" },
    { url = "https://files.pythonhosted.org/packages/b1/9d/8b2c807dbef61a5197c047afe99823787eb66f63daf9fb2432f91d6f0462/pillow-12.3.0-cp314-cp314-manylinux_2_27_aarch64.manylinux_2_28_aarch64.whl", hash = "sha256:e9aeb04d6aef139de265b29683e119b638208f88cf73cdd1658aa07221165321", size = 6263757, upload-time = "2026-07-01T11:55:01.778Z" },
    { url = "https://files.pythonhosted.org/packages/5c/44/c85361f65dbe00eea8576ee467c768d25129989efb76e94f205e9ca9bb46/pillow-12.3.0-cp314-cp314-manylinux_2_27_x86_64.manylinux_2_28_x86_64.whl", hash = "sha256:251bf95b67017e27b13d82f5b326234ca62d70f9cf4c2b9032de2358a3b12c7b", size = 6936962, upload-time = "2026-07-01T11:55:03.93Z" },
    { url = "https://files.pythonhosted.org/packages/18/7e/e483414b35800b86b6f08dbbc7803fb5cd52c4d6f897f47d53ea2c7e6f65/pillow-12.3.0-cp314-cp314-musllinux_1_2_aarch64.whl", hash = "sha256:fe3cca2e4e8a592be0f269a1ca4835c25199d9f3ce815c8491048f785b0a0198", size = 6339171, upload-time = "2026-07-01T11:55:05.989Z" },
    { url = "https://files.pythonhosted.org/packages/f0/f4/68c491844841ede6bed70189546b3ee9731cf9f2cbad396faff5e1ccba45/pillow-12.3.0-cp314-cp314-musllinux_1_2_x86_64.whl", hash = "sha256:23aceaa007d6172b02c277f0cd359c79492bbb14f7072b4ede9fbcaf20648130", size = 7048116, upload-time = "2026-07-01T11:55:08.131Z" },
    { url = "https://files.pythonhosted.org/packages/a3/34/77f3f793fed8efc7d243f21b33c5a3f0d1c97ee70346d3db855587e155ff/pillow-12.3.0-cp314-cp314-win32.whl", hash = "sha256:af8d94b0db561cf68b88a267c5c44b49e134f525d0dc2cb7ed413a66bc23559a", size = 6467209, upload-time = "2026-07-01T11:55:10.408Z" },
    { url = "https://files.pythonhosted.org/packages/f1/e0/492879f69d94f91f60fc8cd05ba03650e9520afebb2fb7aa12777d7c7f38/pillow-12.3.0-cp314-cp314-win_amd64.whl", hash = "sha256:fdafc9cce40277e0f7a0feabce0ee50dd2fa1800f3b38015e51296b5e814048d", size = 7237707, upload-time = "2026-07-01T11:55:12.745Z" },
    { url = "https://files.pythonhosted.org/packages/c9/ac/6b11f2875f1c2ac040d84e1bbf9cf22a88038f901ca1037898b280b38365/pillow-12.3.0-cp314-cp314-win_arm64.whl", hash = "sha256:e91206ee562682b51b98ef4b26a6ef48fd84e15fd4c4bc5ec768eb641d206838", size = 2565995, upload-time = "2026-07-01T11:55:14.736Z" },
    { url = "https://files.pythonhosted.org/packages/52/69/c2208e56af9bfc1913afb24020297a691eb1d4ef688474c8a04913f65e04/pillow-12.3.0-cp314-cp314t-macosx_10_15_x86_64.whl", hash = "sha256:164b31cd1a0490ab6efae01aa5df49da7061be0af1b30e035b6e9a1bfe34ee6e", size = 5352503, upload-time = "2026-07-01T11:55:17.076Z" },
    { url = "https://files.pythonhosted.org/packages/07/70/e5686d753e898a45d778ff1718dba8516ead6ab6b95d85fc8c4b70650cf2/pillow-12.3.0-cp314-cp314t-macosx_11_0_arm64.whl", hash = "sha256:5afb51d599ea772b8365ae807ae557f18bccfe46ab261fd1c2a9ed700fc6eb17", size = 4782956, upload-time = "2026-07-01T11:55:19.448Z" },
    { url = "https://files.pythonhosted.org/packages/d5/37/25c6692f06927ee973ff18c8d9ee98ad0b4d84ee67a09610c2dd1447958e/pillow-12.3.0-cp314-cp314t-manylinux_2_27_aarch64.manylinux_2_28_aarch64.whl", hash = "sha256:3edce1d53195db527e0191f84b71d02022de0540bf43a16ed734ed7537b07385", size = 6322855, upload-time = "2026-07-01T11:55:21.613Z" },
    { url = "https://files.pythonhosted.org/packages/cc/91/420637fcb8f1bc11029e403b4538e6694744428d8246118e45719f944556/pillow-12.3.0-cp314-cp314t-manylinux_2_27_x86_64.manylinux_2_28_x86_64.whl", hash = "sha256:bf16ba1b4d0b6b7c8e534936632270cf70eb00dbe09005bc345b2677b726855c", size = 6989642, upload-time = "2026-07-01T11:55:24.006Z" },
    { url = "https://files.pythonhosted.org/packages/10/08/b94d7811281ccf0d143a1cf768d1c49e1e54af63e7b708ab2ee3eb87face/pillow-12.3.0-cp314-cp314t-musllinux_1_2_aarch64.whl", hash = "sha256:24870b09b224f7ae3c39ed07d10e819d06f8720bc551847b1d623832b5b0e28d", size = 6391281, upload-time = "2026-07-01T11:55:26.252Z" },
    { url = "https://files.pythonhosted.org/packages/d2/87/24233f785f55474dc02ce3e739c5528a77e3a862e9333d1dd7a25cc31f70/pillow-12.3.0-cp314-cp314t-musllinux_1_2_x86_64.whl", hash = "sha256:30f2aa603c41533cc25c05acd0da21636e84a315768feb631c937177db558931", size = 7096716, upload-time = "2026-07-01T11:55:28.318Z" },
    { url = "https://files.pythonhosted.org/packages/23/26/fcb2f6e37175b04f53570b59937867e2b80ee1685e744023153028fc14f9/pillow-12.3.0-cp314-cp314t-win32.whl", hash = "sha256:4b0a7fe987b14c31ebda6083f74f22b561fd3739bc0ac51e019622e3d72668c7", size = 6474125, upload-time = "2026-07-01T11:55:30.956Z" },
    { url = "https://files.pythonhosted.org/packages/90/de/3634abee5f1c9e13c56787b7d5517b0ba8d6de51700b95578cf338349c9f/pillow-12.3.0-cp314-cp314t-win_amd64.whl", hash = "sha256:962864dc93511324d51ddbb5b9f8731bf71675b93ca612a07441896f4688fb8c", size = 7242939, upload-time = "2026-07-01T11:55:34.044Z" },
    { url = "https://files.pythonhosted.org/packages/ce/2a/fd13f8eb24de5714a6eb444a3d67e2842c6c576e159a43793adf23051351/pillow-12.3.0-cp314-cp314t-win_arm64.whl", hash = "sha256:0740a512dc522224c77d9aa5a8d70d8b7d73fb91f2c21125d8d025d3b8990e45", size = 2567506, upload-time = "2026-07-01T11:55:35.988Z" },
    { url = "https://files.pythonhosted.org/packages/5d/dc/8fdce34ec725a33c81c6ba122b904d6b9024e50ea9ac7bede62fab54506c/pillow-12.3.0-cp315-cp315-ios_13_0_arm64_iphoneos.whl", hash = "sha256:0feb2e9d6ad6c9e3c06effe9d00f3f1e618a6643273576b016f591e9315a7139", size = 4162063, upload-time = "2026-07-01T11:55:37.941Z" },
    { url = "https://files.pythonhosted.org/packages/76/66/2044b9a63d3b84ff048228dfcb7cd9bf0df983e8470971bf7d4c57b693de/pillow-12.3.0-cp315-cp315-ios_13_0_arm64_iphonesimulator.whl", hash = "sha256:9e881fca225083806662a5c43d627d215f258ff43c890f831966c7d7ba9c7402", size = 4255549, upload-time = "2026-07-01T11:55:40.022Z" },
    { url = "https://files.pythonhosted.org/packages/52/7e/1f67e6f4ece6b582ee4b539decbcc9f848dc245a93ed8cd7338bafef72f1/pillow-12.3.0-cp315-cp315-ios_13_0_x86_64_iphonesimulator.whl", hash = "sha256:4998562bf62a445225f22e07c896bb04b35b1b1f2eb6d760584c9c51d7a5f78c", size = 3696331, upload-time = "2026-07-01T11:55:41.98Z" },
    { url = "https://files.pythonhosted.org/packages/12/40/d306fc2c8e4d45d7f175c77edca7063be7b86fe7fe6e68f4353bf71d808c/pillow-12.3.0-cp315-cp315-macosx_10_15_x86_64.whl", hash = "sha256:dc624f6bc473dacdf7ef7eb8678d0d08edf15cd94fad6ae5c7d6cc67a4e4902f", size = 5350370, upload-time = "2026-07-01T11:55:44.028Z" },
    { url = "https://files.pythonhosted.org/packages/dd/44/668fb1437e8ce420f62d6106eb66e44a5971602a4d794615bdf79315d82d/pillow-12.3.0-cp315-cp315-macosx_11_0_arm64.whl", hash = "sha256:71d6097b330eea8fd15097780c8e89cb1a8ce7838669f48c5bacd6f663dd4701", size = 4780147, upload-time = "2026-07-01T11:55:46.073Z" },
    { url = "https://files.pythonhosted.org/packages/0c/08/93fa2e70e30a2d81547e481b6ee2bb9522117221fb1e0ce4b5df70967677/pillow-12.3.0-cp315-cp315-manylinux_2_27_aarch64.manylinux_2_28_aarch64.whl", hash = "sha256:28ce87c5ab450a9dd970b52e5aca5fe63ed432d18a2eaddd1979a00a1ba24ace", size = 6273659, upload-time = "2026-07-01T11:55:48.264Z" },
    { url = "https://files.pythonhosted.org/packages/f8/6d/043e96ff814fc31a33077e4cba86082167db520c93632afdf2042febbb0c/pillow-12.3.0-cp315-cp315-manylinux_2_27_x86_64.manylinux_2_28_x86_64.whl", hash = "sha256:6b02afb9b97f65fbca5f31db6a2a3ba21aa93030225f150fa3f249717e938fb4", size = 6947439, upload-time = "2026-07-01T11:55:50.503Z" },
    { url = "https://files.pythonhosted.org/packages/af/92/ba71d2ee2ac0edf3fa33bd9d5ee9ee080da70b1766f3ca3934f9938ddac9/pillow-12.3.0-cp315-cp315-musllinux_1_2_aarch64.whl", hash = "sha256:1182d52bc2d5e5d7d0949503aa7e36d12f42205dc287e4883f407b1988820d39", size = 6353577, upload-time = "2026-07-01T11:55:52.697Z" },
    { url = "https://files.pythonhosted.org/packages/0f/ce/e63064e2122923ff687c8ad792d0d736a7b3920a56a46982e81a7fdd25d6/pillow-12.3.0-cp315-cp315-musllinux_1_2_x86_64.whl", hash = "sha256:e795b7eb908249c4e43c7c99fac7c2c75dab0c43566e37db472a355f63693d71", size = 7060394, upload-time = "2026-07-01T11:55:55.149Z" },
    { url = "https://files.pythonhosted.org/packages/54/76/a09cc3ccc8d773a7283d34c38bec1708f9e3cc932093cbc4c5e71ac4060b/pillow-12.3.0-cp315-cp315-win32.whl", hash = "sha256:57b3d78c95ba9059768b10e28b813002261d3f3dfc55cc48b0c988f625175827", size = 6467375, upload-time = "2026-07-01T11:55:57.769Z" },
    { url = "https://files.pythonhosted.org/packages/3e/03/1846c49ba3b1d5550392a4bbd06d6fb4578e1cd91a803198b5c90f5f7d53/pillow-12.3.0-cp315-cp315-win_amd64.whl", hash = "sha256:fa4ecea169a355be7a3ade2c783e2ed12f0e40d2c5621cda8b3297faf7fbb9f5", size = 7237048, upload-time = "2026-07-01T11:55:59.975Z" },
    { url = "https://files.pythonhosted.org/packages/fb/bb/89f35dcc79610423f9f195504d7def7f0d1416a711541b42867e25fe3412/pillow-12.3.0-cp315-cp315-win_arm64.whl", hash = "sha256:877c3f311ff35410f690861c4409e7ccbf0cd2f878e50628a28e5a0bb689e658", size = 2566006, upload-time = "2026-07-01T11:56:02.143Z" },
    { url = "https://files.pythonhosted.org/packages/30/88/707027ba09942dfa2c28759b5c222d769290a41c6d20ea60ec250801941f/pillow-12.3.0-cp315-cp315t-macosx_10_15_x86_64.whl", hash = "sha256:e9871b1ffbfa9656b60aeee92ed5136a5742696006fa322b29ea3d8da0ecc9cf", size = 5352509, upload-time = "2026-07-01T11:56:04.2Z" },
    { url = "https://files.pythonhosted.org/packages/b0/6d/00352fa25332c2569cd387851f568cc5a4b75a9adbfb37ac4fbce4c02eec/pillow-12.3.0-cp315-cp315t-macosx_11_0_arm64.whl", hash = "sha256:53aa02d20d10c3d814d536aa4e5ac9b84ca0ff5a88377963b085ad6822f93e64", size = 4783167, upload-time = "2026-07-01T11:56:06.631Z" },
    { url = "https://files.pythonhosted.org/packages/13/4f/9e049dfa21af7c22427275720e2490267ba8138120add5c4c574deb69782/pillow-12.3.0-cp315-cp315t-manylinux_2_27_aarch64.manylinux_2_28_aarch64.whl", hash = "sha256:446c34dcc4324b084a53b705127dc15717b22c5e140ae0a3c38349d4efec071e", size = 6329237, upload-time = "2026-07-01T11:56:08.868Z" },
    { url = "https://files.pythonhosted.org/packages/36/16/cf6eeaae8d0fce8dd390a33437cf68c5d5bd73834a2bc6e2f14efda0ab45/pillow-12.3.0-cp315-cp315t-manylinux_2_27_x86_64.manylinux_2_28_x86_64.whl", hash = "sha256:cf1845d02ad822a369a49f2bb9345b1614744267682e7a03527dc3bf6eea1777", size = 6997047, upload-time = "2026-07-01T11:56:11.379Z" },
    { url = "https://files.pythonhosted.org/packages/1e/69/dbf769bdd55f48bf5733cac28edc6364ffaa072ec9ba336266e4fe66be55/pillow-12.3.0-cp315-cp315t-musllinux_1_2_aarch64.whl", hash = "sha256:186941b6aef820ad110fb01fb06eb925374dc3a21b17e37ec9a53b250c6fe2d1", size = 6400440, upload-time = "2026-07-01T11:56:13.908Z" },
    { url = "https://files.pythonhosted.org/packages/a0/e1/ffc9cfc2eea0d178da8018e18e959301ad9d6bc9f3edb7181e748a474b97/pillow-12.3.0-cp315-cp315t-musllinux_1_2_x86_64.whl", hash = "sha256:f13c32a3abd6079a66d9526e18dad9b6d280384d49d7c54040cd57b6424041d9", size = 7105895, upload-time = "2026-07-01T11:56:16.575Z" },
    { url = "https://files.pythonhosted.org/packages/18/f0/a5595c1e8c3ae44b9828cb2f0fa8155e5095ef04d6327b8f61cf44a3df85/pillow-12.3.0-cp315-cp315t-win32.whl", hash = "sha256:1657923d2d45afb66526e5b933e5b3052e6bdea196c90d3abb2424e18c77dae8", size = 6474384, upload-time = "2026-07-01T11:56:18.855Z" },
    { url = "https://files.pythonhosted.org/packages/e4/04/62bcd9f844984c5938d3b05264a61d797a29d3e0812341a8204af70bbdee/pillow-12.3.0-cp315-cp315t-win_amd64.whl", hash = "sha256:8cd2f7bdda092d99c9fc2fb7391354f306d01443d22785d0cbfafa2e2c8bb418", size = 7243537, upload-time = "2026-07-01T11:56:21.214Z" },
    { url = "https://files.pythonhosted.org/packages/3d/68/1f3066acedf37673694a7141381d8f811ae97f30d34413d236abe7d489f1/pillow-12.3.0-cp315-cp315t-win_arm64.whl", hash = "sha256:06ff022112bc9cbf83b60f8e028d94ad87b60621706487e65f673de61610ab59", size = 2567491, upload-time = "2026-07-01T11:56:23.506Z" },
]

[[package]]
name = "psycopg2-binary"
version = "2.9.12"
source = { registry = "https://pypi.org/simple" }
sdist = { url = "https://files.pythonhosted.org/packages/2a/60/a3624f79acea344c16fbef3a94d28b89a8042ddfb8f3e4ca83f538671409/psycopg2_binary-2.9.12.tar.gz", hash = "sha256:5ac9444edc768c02a6b6a591f070b8aae28ff3a99be57560ac996001580f294c", size = 379686, upload-time = "2026-04-21T09:40:34.304Z" }
wheels = [
    { url = "https://files.pythonhosted.org/packages/13/1b/708c0dca874acfad6d65314271859899a79007686f3a1f74e82a2ed4b645/psycopg2_binary-2.9.12-cp314-cp314-macosx_10_15_x86_64.whl", hash = "sha256:6f3b3de8a74ef8db215f22edffb19e32dc6fa41340456de7ec99efdc8a7b3ec2", size = 3712428, upload-time = "2026-04-20T23:35:23.453Z" },
    { url = "https://files.pythonhosted.org/packages/d6/39/ddbea9d4b4de6aca9431b6ed253f530f8a02d3b8f9bcfd0dbfe2b3de6fe4/psycopg2_binary-2.9.12-cp314-cp314-macosx_11_0_arm64.whl", hash = "sha256:1006fb62f0f0bc5ce256a832356c6262e91be43f5e4eb15b5eaf38079464caf2", size = 3823184, upload-time = "2026-04-20T23:35:25.92Z" },
    { url = "https://files.pythonhosted.org/packages/bf/a0/bc2fef74b106fa345567122a0659e6d94512ed7dc0131ec44c9e5aba3725/psycopg2_binary-2.9.12-cp314-cp314-manylinux2014_ppc64le.manylinux_2_17_ppc64le.whl", hash = "sha256:840066105706cd2eb29b9a1c2329620056582a4bf3e8169dec5c447042d0869f", size = 4579157, upload-time = "2026-04-20T23:35:28.542Z" },
    { url = "https://files.pythonhosted.org/packages/57/d7/d4e3b2005d3de607ca4fbb0e8742e248056e52184a6b94ebda3c1c2c329b/psycopg2_binary-2.9.12-cp314-cp314-manylinux2014_x86_64.manylinux_2_17_x86_64.whl", hash = "sha256:863f5d12241ebe1c76a72a04c2113b6dc905f90b9cef0e9be0efd994affd9354", size = 4274970, upload-time = "2026-04-20T23:35:30.418Z" },
    { url = "https://files.pythonhosted.org/packages/2e/42/c9853f8db3967fe08bcde11f53d53b85d351750cae726ce001cb68afa9c1/psycopg2_binary-2.9.12-cp314-cp314-manylinux_2_27_aarch64.manylinux_2_28_aarch64.whl", hash = "sha256:a99eaab34a9010f1a086b126de467466620a750634d114d20455f3a824aae033", size = 5895175, upload-time = "2026-04-20T23:35:33.584Z" },
    { url = "https://files.pythonhosted.org/packages/eb/fd/b82b5601a97630308bef079f545ffec481bbbc795c2ba5ec416a01d03f60/psycopg2_binary-2.9.12-cp314-cp314-manylinux_2_38_riscv64.manylinux_2_39_riscv64.whl", hash = "sha256:ffdd7dc5463ccd61845ac37b7012d0f35a1548df9febe14f8dd549be4a0bc81e", size = 4110658, upload-time = "2026-04-20T23:35:35.638Z" },
    { url = "https://files.pythonhosted.org/packages/62/8c/32ca69b0389ef25dd22937bf9e8fbe2ce27aea20b05ded48c4ce4cb42475/psycopg2_binary-2.9.12-cp314-cp314-musllinux_1_2_aarch64.whl", hash = "sha256:54a0dfecab1b48731f934e06139dfe11e24219fb6d0ceb32177cf0375f14c7b5", size = 3656251, upload-time = "2026-04-20T23:35:37.854Z" },
    { url = "https://files.pythonhosted.org/packages/c4/29/96992a2b59e3b9d730fcf9612d0a387305025dc867a9fc490a9e496e074e/psycopg2_binary-2.9.12-cp314-cp314-musllinux_1_2_ppc64le.whl", hash = "sha256:96937c9c5d891f772430f418a7a8b4691a90c3e6b93cf72b5bd7cad8cbca32a5", size = 3301810, upload-time = "2026-04-20T23:35:39.927Z" },
    { url = "https://files.pythonhosted.org/packages/56/ad/44b06659949b243ae10112cd3b20a197f9bf3e81d5651379b9eb889bfaad/psycopg2_binary-2.9.12-cp314-cp314-musllinux_1_2_riscv64.whl", hash = "sha256:77b348775efd4cdab410ec6609d81ccecd1139c90265fa583a7255c8064bc03d", size = 3048977, upload-time = "2026-04-20T23:35:41.806Z" },
    { url = "https://files.pythonhosted.org/packages/1d/f2/10a1bcebadb6aa55e280e1f58975c36a7b560ea525184c7aa4064c466633/psycopg2_binary-2.9.12-cp314-cp314-musllinux_1_2_x86_64.whl", hash = "sha256:527e6342b3e44c2f0544f6b8e927d60de7f163f5723b8f1dfa7d2a84298738cd", size = 3351466, upload-time = "2026-04-20T23:35:43.993Z" },
    { url = "https://files.pythonhosted.org/packages/20/be/b732c8418ffa5bcfda002890f5dc4c869fc17db66ff11f53b17cfe44afc0/psycopg2_binary-2.9.12-cp314-cp314-win_amd64.whl", hash = "sha256:f12ae41fcafadb39b2785e64a40f9db05d6de2ac114077457e0e7c597f3af980", size = 2848762, upload-time = "2026-04-20T23:35:46.421Z" },
]

[[package]]
name = "pygments"
version = "2.20.0"
source = { registry = "https://pypi.org/simple" }
sdist = { url = "https://files.pythonhosted.org/packages/c3/b2/bc9c9196916376152d655522fdcebac55e66de6603a76a02bca1b6414f6c/pygments-2.20.0.tar.gz", hash = "sha256:6757cd03768053ff99f3039c1a36d6c0aa0b263438fcab17520b30a303a82b5f", size = 4955991, upload-time = "2026-03-29T13:29:33.898Z" }
wheels = [
    { url = "https://files.pythonhosted.org/packages/f4/7e/a72dd26f3b0f4f2bf1dd8923c85f7ceb43172af56d63c7383eb62b332364/pygments-2.20.0-py3-none-any.whl", hash = "sha256:81a9e26dd42fd28a23a2d169d86d7ac03b46e2f8b59ed4698fb4785f946d0176", size = 1231151, upload-time = "2026-03-29T13:29:30.038Z" },
]

[[package]]
name = "pyrefly"
version = "1.2.0"
source = { registry = "https://pypi.org/simple" }
sdist = { url = "https://files.pythonhosted.org/packages/89/01/a86e9f24722b095c3f88e3616132b75a21b0df53804bdc6a45314dd4d93c/pyrefly-1.2.0.tar.gz", hash = "sha256:5485f960fc2481617068c918335c39ab1507ef90b6b5bd35bf57726e60e73185", size = 6243654, upload-time = "2026-08-01T02:56:27.592Z" }
wheels = [
    { url = "https://files.pythonhosted.org/packages/7d/9d/3c0ef1d4843987b22f996ed381ec9cf5a3b1273e29804db276252e4c95eb/pyrefly-1.2.0-py3-none-macosx_10_12_x86_64.whl", hash = "sha256:7f46d983ac49ddd2b043694960a01dc6a19a5cfd8eec609d6bd9c42866f91b4e", size = 14026305, upload-time = "2026-08-01T02:56:02.611Z" },
    { url = "https://files.pythonhosted.org/packages/0a/06/03bbb78fbea54cdc65b626619f3597d5611aca4fdef11e72a4e8360e7e63/pyrefly-1.2.0-py3-none-macosx_11_0_arm64.whl", hash = "sha256:756f669b5555090f5c1a4fef30db1785fabe657764f7e4e6dc88994dfb8ca82d", size = 13463880, upload-time = "2026-08-01T02:56:04.93Z" },
    { url = "https://files.pythonhosted.org/packages/13/5a/7d8bc00a38e93bbc9c3e7bd14d305f7948717e667c9bcddeab9dd42fd255/pyrefly-1.2.0-py3-none-manylinux_2_17_aarch64.manylinux2014_aarch64.whl", hash = "sha256:e3465812ce5ef4781fb592edbf2724547296f0a3124be115d73c7e8b2401862d", size = 13907329, upload-time = "2026-08-01T02:56:07.104Z" },
    { url = "https://files.pythonhosted.org/packages/be/94/9e08b4bf799d0b8f36b55a2783c7ba5f51730cf0632a85a67b5b5ed876cd/pyrefly-1.2.0-py3-none-manylinux_2_17_i686.manylinux2014_i686.whl", hash = "sha256:5de7b2ad2bba5c8055181681a84b74143eac2234a48ba5d1b7ed7e7a722b02bd", size = 15039020, upload-time = "2026-08-01T02:56:09.208Z" },
    { url = "https://files.pythonhosted.org/packages/5b/bd/bca5fd0c80f4daf8ee6903a29df9f3de1feb05ff0946b8f35ec8c5096b13/pyrefly-1.2.0-py3-none-manylinux_2_17_ppc64le.manylinux2014_ppc64le.whl", hash = "sha256:25822ea9505f589ea8a725e4268b475132fb89e038fbf092e446510443ac142a", size = 14986199, upload-time = "2026-08-01T02:56:11.924Z" },
    { url = "https://files.pythonhosted.org/packages/97/f7/f07087f3d185ad2eced0c56cef89ca5474dfb4ff25f146cd50a861c97553/pyrefly-1.2.0-py3-none-manylinux_2_17_x86_64.manylinux2014_x86_64.whl", hash = "sha256:90efe75e17491ef5d636e10469e9278d7d0256b3b4c5e1f4750069bf3ae0f5d1", size = 14393715, upload-time = "2026-08-01T02:56:14.143Z" },
    { url = "https://files.pythonhosted.org/packages/d3/70/0d142c320e284b9e3ce35e9b1e58b8ce2ee1f578f2a7234bc30e5022b94f/pyrefly-1.2.0-py3-none-musllinux_1_2_aarch64.whl", hash = "sha256:368aaf7eee4f511ddc0f8e564cf14e01ab2f10b0db9105c6d5b153bf498d07bf", size = 13933008, upload-time = "2026-08-01T02:56:16.525Z" },
    { url = "https://files.pythonhosted.org/packages/5d/e8/e84f11b6e1f63fd453ad3654213b9a0f6f4de8cef6b58038eef2d0d5955d/pyrefly-1.2.0-py3-none-musllinux_1_2_x86_64.whl", hash = "sha256:d52d5da7bc65fb7675fbaa80eda879d4f8787c494f04cac21603330d3abbdbbe", size = 14431827, upload-time = "2026-08-01T02:56:18.645Z" },
    { url = "https://files.pythonhosted.org/packages/0f/06/810d31380f66c75e1c0779a408d3b16117b1b368b57894f6aa66bef21686/pyrefly-1.2.0-py3-none-win32.whl", hash = "sha256:8c90751de8506d938e8f802659c74cf35bd7a0036510ee6c634a38eebb280bfa", size = 13229447, upload-time = "2026-08-01T02:56:20.921Z" },
    { url = "https://files.pythonhosted.org/packages/ed/98/4dafa3c7a1caed2dc8cc708dde09ba27963c7736508f55b626fff3024113/pyrefly-1.2.0-py3-none-win_amd64.whl", hash = "sha256:8a8964c224ccc4882730130955815de21ff443c1ac3f0b90685b19bf63848170", size = 14087387, upload-time = "2026-08-01T02:56:23.188Z" },
    { url = "https://files.pythonhosted.org/packages/1b/1c/df3cb0a2e5591660ded7a1836cd2f29dc48c91adb1c0a3a700a96f6d09e1/pyrefly-1.2.0-py3-none-win_arm64.whl", hash = "sha256:3a90bb8df39dfbac74b1f3b2e9d7c526b8f80568884c3944d955023a73ebf61e", size = 13430873, upload-time = "2026-08-01T02:56:25.425Z" },
]

[[package]]
name = "python-decouple"
version = "3.8"
source = { registry = "https://pypi.org/simple" }
sdist = { url = "https://files.pythonhosted.org/packages/e1/97/373dcd5844ec0ea5893e13c39a2c67e7537987ad8de3842fe078db4582fa/python-decouple-3.8.tar.gz", hash = "sha256:ba6e2657d4f376ecc46f77a3a615e058d93ba5e465c01bbe57289bfb7cce680f", size = 9612, upload-time = "2023-03-01T19:38:38.143Z" }
wheels = [
    { url = "https://files.pythonhosted.org/packages/a2/d4/9193206c4563ec771faf2ccf54815ca7918529fe81f6adb22ee6d0e06622/python_decouple-3.8-py3-none-any.whl", hash = "sha256:d0d45340815b25f4de59c974b855bb38d03151d81b037d9e3f463b0c9f8cbd66", size = 9947, upload-time = "2023-03-01T19:38:36.015Z" },
]

[[package]]
name = "redis"
version = "8.1.0"
source = { registry = "https://pypi.org/simple" }
sdist = { url = "https://files.pythonhosted.org/packages/a8/99/604f0b666d4c616d891cf77ebb9db6bb21601344c051aebf1b72b9ff915f/redis-8.1.0.tar.gz", hash = "sha256:6e1a19beef9225c83efd689c7e6b7da2d5215b1f42cd13b7fc3714d0a09c7b25", size = 5254356, upload-time = "2026-07-30T08:51:00.269Z" }
wheels = [
    { url = "https://files.pythonhosted.org/packages/66/9d/c5731f6e3608663d4d3656fd8d3aecee8b509c3082818f5a13eae925baea/redis-8.1.0-py3-none-any.whl", hash = "sha256:a4fe1aac3d3b3cc791d4b3d5931c5a956045dc951ee74d1c913ee3ac4d2ee9fb", size = 560618, upload-time = "2026-07-30T08:50:58.497Z" },
]

[[package]]
name = "ruff"
version = "0.16.1"
source = { registry = "https://pypi.org/simple" }
sdist = { url = "https://files.pythonhosted.org/packages/70/25/7113f6d5498888c5fb7db34081cba7d5971c4cb1bfb26819966eee68f003/ruff-0.16.1.tar.gz", hash = "sha256:fedad7c801dabd3fb9741d76aca39246e6ddd9ca446a015875207bf19f1e6bc7", size = 4877500, upload-time = "2026-07-30T19:37:01.379Z" }
wheels = [
    { url = "https://files.pythonhosted.org/packages/1b/bd/694da69368e0973de65df2ddc73ab18d43c469d5963d9b150911de6bc513/ruff-0.16.1-py3-none-linux_armv6l.whl", hash = "sha256:58edb313b88f0c5460a26adf5f39a37a3be789494a15e3e411e35fa78b89f9a0", size = 10839126, upload-time = "2026-07-30T19:36:13.697Z" },
    { url = "https://files.pythonhosted.org/packages/3f/f0/b626e5d5bd0dd9576263658ef12885e2288afd1029a48e26ffed65ec1ac1/ruff-0.16.1-py3-none-macosx_10_12_x86_64.whl", hash = "sha256:fde5a99e2f97479af66edd6622c6d5a2a7592c77cf4153d9e4428f5eeb55b60c", size = 11070253, upload-time = "2026-07-30T19:36:17.14Z" },
    { url = "https://files.pythonhosted.org/packages/83/63/f40acfb6b35b88623e71684942b552c3edd96035f5d98f313815f7b277de/ruff-0.16.1-py3-none-macosx_11_0_arm64.whl", hash = "sha256:e0d4c20532fca4f7fa609369161d968dd28f65d83dabbd61d8e9c7edbf7001f6", size = 10561425, upload-time = "2026-07-30T19:36:20.04Z" },
    { url = "https://files.pythonhosted.org/packages/aa/dd/14ec0e9c2b4d315547dd38765004b4863e354e1b52cb308272215d9f6f6d/ruff-0.16.1-py3-none-manylinux_2_17_aarch64.manylinux2014_aarch64.whl", hash = "sha256:30affbcedf59ad5703d9c91f82266e02b47739f797e1a7b6e158e5526a6dae38", size = 10948879, upload-time = "2026-07-30T19:36:22.476Z" },
    { url = "https://files.pythonhosted.org/packages/33/e9/9d870cbae575030fdef595f04b4b97573c525b5497cce4f4498cf2f85446/ruff-0.16.1-py3-none-manylinux_2_17_armv7l.manylinux2014_armv7l.whl", hash = "sha256:24e9c631573cbca9d20f1283f8f479b2afa4a8503504822bd71a293889f16743", size = 10643691, upload-time = "2026-07-30T19:36:24.914Z" },
    { url = "https://files.pythonhosted.org/packages/c4/09/12743d544e2173f53ecd27217c65f90d2bc0f8424a66a60339e56bbc0457/ruff-0.16.1-py3-none-manylinux_2_17_i686.manylinux2014_i686.whl", hash = "sha256:b41bdd48fb420987a9b5212e4957c26ad4abce401fa9ea9d4d85843727945f4f", size = 11435354, upload-time = "2026-07-30T19:36:28.447Z" },
    { url = "https://files.pythonhosted.org/packages/7f/89/a1652b2daee52083c9554a6333b678a8b01d0400f976827bb87857f9449a/ruff-0.16.1-py3-none-manylinux_2_17_ppc64le.manylinux2014_ppc64le.whl", hash = "sha256:b0d1e1393b7648079e13669de1c1f4fde06d4583e84d8fd5c1551e0a77a2aa75", size = 12259033, upload-time = "2026-07-30T19:36:31.326Z" },
    { url = "https://files.pythonhosted.org/packages/16/96/ecdcb8c54ee7b123b487f807eb014e6e019155a0b81dfb669acd52f28ce3/ruff-0.16.1-py3-none-manylinux_2_17_s390x.manylinux2014_s390x.whl", hash = "sha256:07bf434b1c95f4e093be4532068ef4fcf00924eb2ade8796075980902d6fd54a", size = 11667981, upload-time = "2026-07-30T19:36:34.394Z" },
    { url = "https://files.pythonhosted.org/packages/cd/90/c52e12e0d862e9572f2a33aa227409143520abe53111e9a6babbac7b4af8/ruff-0.16.1-py3-none-manylinux_2_17_x86_64.manylinux2014_x86_64.whl", hash = "sha256:39897739f112253ee4fdd2e8aa9a4f9ded99fb2be367d5f31dfa4ded6025584c", size = 11468183, upload-time = "2026-07-30T19:36:37.339Z" },
    { url = "https://files.pythonhosted.org/packages/2c/6b/4ffb7ad1d83eb16cf8cbb3c8815d3f11c88460fd162d4b372a2059be1c2a/ruff-0.16.1-py3-none-manylinux_2_31_riscv64.whl", hash = "sha256:82ae3c0c0d74daf17b968a10b7b3bb3ef297ab7de0c1f749646b25e690ccb150", size = 11470071, upload-time = "2026-07-30T19:36:39.91Z" },
    { url = "https://files.pythonhosted.org/packages/9c/72/32ae7db4c0b5e32ab611787caa19d1546800676d79f7483b7100a3561bf4/ruff-0.16.1-py3-none-musllinux_1_2_aarch64.whl", hash = "sha256:4d5f2ed10f8242d83fc08d521301089364e3375375705356f20c0e31606ef3ef", size = 10919503, upload-time = "2026-07-30T19:36:42.65Z" },
    { url = "https://files.pythonhosted.org/packages/f7/ca/3d901ba6ad6fc38da39c3448fc6c59ac945679293a17c3ceb6d6c1cba13e/ruff-0.16.1-py3-none-musllinux_1_2_armv7l.whl", hash = "sha256:a4665b309891f83f3e3c25447935f1213e9abbd4b5640af7a1f2def9f8d413c1", size = 10649861, upload-time = "2026-07-30T19:36:45.18Z" },
    { url = "https://files.pythonhosted.org/packages/92/79/894ef1ced26552d5f8c9cf6d85b0687840e1128c55aeab7b9c2d54a0d880/ruff-0.16.1-py3-none-musllinux_1_2_i686.whl", hash = "sha256:26e9ca5c9bc3971f20d3cf18a957f52ffd6a5f6564ff15c4912a144dcac22494", size = 11148137, upload-time = "2026-07-30T19:36:47.936Z" },
    { url = "https://files.pythonhosted.org/packages/2d/69/3609a09fa1cb46cc28b762363e440a354204e5dff01bd0c8d7437874d6b9/ruff-0.16.1-py3-none-musllinux_1_2_x86_64.whl", hash = "sha256:67e1e1e3fa4f0c82f0e36d4cd61e661f6e7a6196cb1aa92fe0828fa7b8f257cd", size = 11559211, upload-time = "2026-07-30T19:36:50.448Z" },
    { url = "https://files.pythonhosted.org/packages/fc/8a/fb22af2fd78a736e241fabf67e30ce1799a64244026377a49e133af90762/ruff-0.16.1-py3-none-win32.whl", hash = "sha256:d31765e131295b8445caf301e3e8a85b34d1b9b211b4109b7ba457888b051806", size = 10838258, upload-time = "2026-07-30T19:36:53.298Z" },
    { url = "https://files.pythonhosted.org/packages/d4/35/e57fd9fb5d423961df087a00b12d42c0a830288dc2f3b45ecca299158b4f/ruff-0.16.1-py3-none-win_amd64.whl", hash = "sha256:09b05e8b90c2cb06ad63464350e7a45e8e44a2dfe52072ebfba6666ca8d3f596", size = 11961111, upload-time = "2026-07-30T19:36:56.107Z" },
    { url = "https://files.pythonhosted.org/packages/cb/46/240ea004bf6dc4feb40e9832f2205a476a47dd5b8a3f8211a5fc5f95e20e/ruff-0.16.1-py3-none-win_arm64.whl", hash = "sha256:dbaadaac38c70239f056d306b7476f246b0bf000fa6b3876402acbf5b227eaf8", size = 11309414, upload-time = "2026-07-30T19:36:58.79Z" },
]

[[package]]
name = "sqlparse"
version = "0.5.5"
source = { registry = "https://pypi.org/simple" }
sdist = { url = "https://files.pythonhosted.org/packages/90/76/437d71068094df0726366574cf3432a4ed754217b436eb7429415cf2d480/sqlparse-0.5.5.tar.gz", hash = "sha256:e20d4a9b0b8585fdf63b10d30066c7c94c5d7a7ec47c889a2d83a3caa93ff28e", size = 120815, upload-time = "2025-12-19T07:17:45.073Z" }
wheels = [
    { url = "https://files.pythonhosted.org/packages/49/4b/359f28a903c13438ef59ebeee215fb25da53066db67b305c125f1c6d2a25/sqlparse-0.5.5-py3-none-any.whl", hash = "sha256:12a08b3bf3eec877c519589833aed092e2444e68240a3577e8e26148acc7b1ba", size = 46138, upload-time = "2025-12-19T07:17:46.573Z" },
]

[[package]]
name = "types-pyyaml"
version = "6.0.12.20260724"
source = { registry = "https://pypi.org/simple" }
sdist = { url = "https://files.pythonhosted.org/packages/3f/6f/a28f44bcd56bebed42b028a2894c79853e2f5e6b5279e633cb3f287a05e7/types_pyyaml-6.0.12.20260724.tar.gz", hash = "sha256:3c1ce1bb73cd5ec02e90390c2b1f00e810d241d8825fd73ff359696839271b6b", size = 17893, upload-time = "2026-07-24T04:58:43.453Z" }
wheels = [
    { url = "https://files.pythonhosted.org/packages/8b/42/0337fefc615e20ee55d1c8f71b774a9b2b734a04669139c20753b27a2a3a/types_pyyaml-6.0.12.20260724-py3-none-any.whl", hash = "sha256:d57db930a4b2efbc57cf430ec8882765d246929432fa253092f383902329a453", size = 20312, upload-time = "2026-07-24T04:58:42.486Z" },
]

[[package]]
name = "typing-extensions"
version = "4.16.0"
source = { registry = "https://pypi.org/simple" }
sdist = { url = "https://files.pythonhosted.org/packages/f6/cc/6253133b5bb138fc3306cebfbda2c520f545d36b5be2c7255cc528bb45d6/typing_extensions-4.16.0.tar.gz", hash = "sha256:dc983d19a509c94dba722ee6abd33940f7c05a89e243c47e907eb4db6f1a43e5", size = 113555, upload-time = "2026-07-02T08:40:05.92Z" }
wheels = [
    { url = "https://files.pythonhosted.org/packages/49/d3/b8441a820a491ddfc024b0b0cf0393375b75ea13866d9c66727e54c2fc80/typing_extensions-4.16.0-py3-none-any.whl", hash = "sha256:481caa481374e813c1b176ada14e97f1f67a4539ce9cfeb3f350d78d6370c2e8", size = 45571, upload-time = "2026-07-02T08:40:04.659Z" },
]

[[package]]
name = "tzdata"
version = "2026.3"
source = { registry = "https://pypi.org/simple" }
sdist = { url = "https://files.pythonhosted.org/packages/92/ff/5a28bdfd8c3ebec42564ac7d0e54ca3db65044a9314a97f9564fa7a1e926/tzdata-2026.3.tar.gz", hash = "sha256:4a1518b8993086a7982523e071643f3c0e5f213e75b21318e78bcabfff9d1415", size = 198674, upload-time = "2026-07-10T08:50:37.887Z" }
wheels = [
    { url = "https://files.pythonhosted.org/packages/e5/6d/b53b99a9f2766d095985947a5782f1702cabb129a34f7a802d7197af832f/tzdata-2026.3-py2.py3-none-any.whl", hash = "sha256:dc096730c87af6cab1b171c9d532be840741ff5d459015e7f6947bd7d7e54931", size = 348168, upload-time = "2026-07-10T08:50:36.46Z" },
]

[[package]]
name = "uvicorn"
version = "0.52.1"
source = { registry = "https://pypi.org/simple" }
dependencies = [
    { name = "click" },
    { name = "h11" },
]
sdist = { url = "https://files.pythonhosted.org/packages/03/18/ccce41535dee1be77735592bd19965f3972c82e07ee703d324709496b716/uvicorn-0.52.1.tar.gz", hash = "sha256:112ec661814189acbccd3f7b86460147cc065fc92c0821afa78918780e4354dd", size = 100571, upload-time = "2026-08-01T18:19:30.732Z" }
wheels = [
    { url = "https://files.pythonhosted.org/packages/c7/d5/68e6e9bca63c0badf67002890a46d3784c958de45b65e1275ec583ca1f06/uvicorn-0.52.1-py3-none-any.whl", hash = "sha256:e4403f9d93188cf9d1088e9f40e3acd12630e2df8675316704379a7fc20fff6a", size = 79859, upload-time = "2026-08-01T18:19:29.294Z" },
]
